
Microsoft Visual Studio Solution File, Format Version 12.00
# Visual Studio 15
VisualStudioVersion = 15.0.28010.2048
MinimumVisualStudioVersion = 10.0.40219.1
Project("{FAE04EC0-301F-11D3-BF4B-00C04F79EFBC}") = "snake88", "snake88\snake88.csproj", "{2204CC05-019C-42E0-B609-18213009ADE9}"
EndProject
Global
	GlobalSection(SolutionConfigurationPlatforms) = preSolution
		Debug|Any CPU = Debug|Any CPU
		Release|Any CPU = Release|Any CPU
	EndGlobalSection
	GlobalSection(ProjectConfigurationPlatforms) = postSolution
		{2204CC05-019C-42E0-B609-18213009ADE9}.Debug|Any CPU.ActiveCfg = Debug|Any CPU
		{2204CC05-019C-42E0-B609-18213009ADE9}.Debug|Any CPU.Build.0 = Debug|Any CPU
		{2204CC05-019C-42E0-B609-18213009ADE9}.Release|Any CPU.ActiveCfg = Release|Any CPU
		{2204CC05-019C-42E0-B609-18213009ADE9}.Release|Any CPU.Build.0 = Release|Any CPU
	EndGlobalSection
	GlobalSection(SolutionProperties) = preSolution
		HideSolutionNode = FALSE
	EndGlobalSection
	GlobalSection(ExtensibilityGlobals) = postSolution
		SolutionGuid = {A8FE2BF6-7688-4B15-9018-534C187DD1A1}
	EndGlobalSection
EndGlobal
